{
  "dependencies": {
    "prettier": {
      "dev": true,
      "integrity": "sha512-PkUpF+qoXTqhOeWL9fu7As8LXsIUZ1WYaJiY/a7McAQzxjk82OF0tibkFXVCDImZtWxbvojFjerkiLb0/q8mew==",
      "resolved": "https://registry.npmjs.org/prettier/-/prettier-2.6.2.tgz",
      "version": "2.6.2"
    }
  },
  "lockfileVersion": 2,
  "name": "Preston",
  "packages": {
    "": {
      "devDependencies": {
        "prettier": "2.6.2"
      },
      "name": "Preston",
      "version": "1.0.0"
    },
    "node_modules/prettier": {
      "bin": {
        "prettier": "bin-prettier.js"
      },
      "dev": true,
      "engines": {
        "node": ">=10.13.0"
      },
      "funding": {
        "url": "https://github.com/prettier/prettier?sponsor=1"
      },
      "integrity": "sha512-PkUpF+qoXTqhOeWL9fu7As8LXsIUZ1WYaJiY/a7McAQzxjk82OF0tibkFXVCDImZtWxbvojFjerkiLb0/q8mew==",
      "resolved": "https://registry.npmjs.org/prettier/-/prettier-2.6.2.tgz",
      "version": "2.6.2"
    }
  },
  "requires": true,
  "version": "1.0.0"
}
